// !$*UTF8*$!
{
	archiveVersion = 1;
	classes = {
	};
	objectVersion = 55;
	objects = {

/* Begin PBXBuildFile section */
		5771260F93890FD187AAF02B /* Pods_ToDoAppRealm.framework in Frameworks */ = {isa = PBXBuildFile; fileRef = 0540774FD17830CA5196B8E0 /* Pods_ToDoAppRealm.framework */; };
		9074261327BBE254009F9760 /* AppDelegate.swift in Sources */ = {isa = PBXBuildFile; fileRef = 9074261227BBE254009F9760 /* AppDelegate.swift */; };
		9074261527BBE254009F9760 /* SceneDelegate.swift in Sources */ = {isa = PBXBuildFile; fileRef = 9074261427BBE254009F9760 /* SceneDelegate.swift */; };
		9074261727BBE254009F9760 /* ViewController.swift in Sources */ = {isa = PBXBuildFile; fileRef = 9074261627BBE254009F9760 /* ViewController.swift */; };
		9074261A27BBE254009F9760 /* Main.storyboard in Resources */ = {isa = PBXBuildFile; fileRef = 9074261827BBE254009F9760 /* Main.storyboard */; };
		9074261C27BBE256009F9760 /* Assets.xcassets in Resources */ = {isa = PBXBuildFile; fileRef = 9074261B27BBE256009F9760 /* Assets.xcassets */; };
		9074261F27BBE256009F9760 /* LaunchScreen.storyboard in Resources */ = {isa = PBXBuildFile; fileRef = 9074261D27BBE256009F9760 /* LaunchScreen.storyboard */; };
		9074262727BBE314009F9760 /* DatabaseHelper.swift in Sources */ = {isa = PBXBuildFile; fileRef = 9074262627BBE314009F9760 /* DatabaseHelper.swift */; };
/* End PBXBuildFile section */

/* Begin PBXFileReference section */
		0540774FD17830CA5196B8E0 /* Pods_ToDoAppRealm.framework */ = {isa = PBXFileReference; explicitFileType = wrapper.framework; includeInIndex = 0; path = Pods_ToDoAppRealm.framework; sourceTree = BUILT_PRODUCTS_DIR; };
		475D2148EC1D18418A814906 /* Pods-ToDoAppRealm.debug.xcconfig */ = {isa = PBXFileReference; includeInIndex = 1; lastKnownFileType = text.xcconfig; name = "Pods-ToDoAppRealm.debug.xcconfig"; path = "Target Support Files/Pods-ToDoAppRealm/Pods-ToDoAppRealm.debug.xcconfig"; sourceTree = "<group>"; };
		9074260F27BBE254009F9760 /* ToDoAppRealm.app */ = {isa = PBXFileReference; explicitFileType = wrapper.application; includeInIndex = 0; path = ToDoAppRealm.app; sourceTree = BUILT_PRODUCTS_DIR; };
		9074261227BBE254009F9760 /* AppDelegate.swift */ = {isa = PBXFileReference; lastKnownFileType = sourcecode.swift; path = AppDelegate.swift; sourceTree = "<group>"; };
		9074261427BBE254009F9760 /* SceneDelegate.swift */ = {isa = PBXFileReference; lastKnownFileType = sourcecode.swift; path = SceneDelegate.swift; sourceTree = "<group>"; };
		9074261627BBE254009F9760 /* ViewController.swift */ = {isa = PBXFileReference; lastKnownFileType = sourcecode.swift; path = ViewController.swift; sourceTree = "<group>"; };
		9074261927BBE254009F9760 /* Base */ = {isa = PBXFileReference; lastKnownFileType = file.storyboard; name = Base; path = Base.lproj/Main.storyboard; sourceTree = "<group>"; };
		9074261B27BBE256009F9760 /* Assets.xcassets */ = {isa = PBXFileReference; lastKnownFileType = folder.assetcatalog; path = Assets.xcassets; sourceTree = "<group>"; };
		9074261E27BBE256009F9760 /* Base */ = {isa = PBXFileReference; lastKnownFileType = file.storyboard; name = Base; path = Base.lproj/LaunchScreen.storyboard; sourceTree = "<group>"; };
		9074262027BBE256009F9760 /* Info.plist */ = {isa = PBXFileReference; lastKnownFileType = text.plist.xml; path = Info.plist; sourceTree = "<group>"; };
		9074262627BBE314009F9760 /* DatabaseHelper.swift */ = {isa = PBXFileReference; lastKnownFileType = sourcecode.swift; path = DatabaseHelper.swift; sourceTree = "<group>"; };
		D5EC8ABFE711098B218DA8AC /* Pods-ToDoAppRealm.release.xcconfig */ = {isa = PBXFileReference; includeInIndex = 1; lastKnownFileType = text.xcconfig; name = "Pods-ToDoAppRealm.release.xcconfig"; path = "Target Support Files/Pods-ToDoAppRealm/Pods-ToDoAppRealm.release.xcconfig"; sourceTree = "<group>"; };
/* End PBXFileReference section */

/* Begin PBXFrameworksBuildPhase section */
		9074260C27BBE254009F9760 /* Frameworks */ = {
			isa = PBXFrameworksBuildPhase;
			buildActionMask = 2147483647;
			files = (
				5771260F93890FD187AAF02B /* Pods_ToDoAppRealm.framework in Frameworks */,
			);
			runOnlyForDeploymentPostprocessing = 0;
		};
/* End PBXFrameworksBuildPhase section */

/* Begin PBXGroup section */
		4083B42E45AFF1518126A988 /* Pods */ = {
			isa = PBXGroup;
			children = (
				475D2148EC1D18418A814906 /* Pods-ToDoAppRealm.debug.xcconfig */,
				D5EC8ABFE711098B218DA8AC /* Pods-ToDoAppRealm.release.xcconfig */,
			);
			name = Pods;
			path = Pods;
			sourceTree = "<group>";
		};
		9074260627BBE254009F9760 = {
			isa = PBXGroup;
			children = (
				9074261127BBE254009F9760 /* ToDoAppRealm */,
				9074261027BBE254009F9760 /* Products */,
				4083B42E45AFF1518126A988 /* Pods */,
				C46494BFB6ACDCF8A9C33D82 /* Frameworks */,
			);
			sourceTree = "<group>";
		};
		9074261027BBE254009F9760 /* Products */ = {
			isa = PBXGroup;
			children = (
				9074260F27BBE254009F9760 /* ToDoAppRealm.app */,
			);
			name = Products;
			sourceTree = "<group>";
		};
		9074261127BBE254009F9760 /* ToDoAppRealm */ = {
			isa = PBXGroup;
			children = (
				9074261227BBE254009F9760 /* AppDelegate.swift */,
				9074261427BBE254009F9760 /* SceneDelegate.swift */,
				9074261627BBE254009F9760 /* ViewController.swift */,
				9074261827BBE254009F9760 /* Main.storyboard */,
				9074261B27BBE256009F9760 /* Assets.xcassets */,
				9074261D27BBE256009F9760 /* LaunchScreen.storyboard */,
				9074262027BBE256009F9760 /* Info.plist */,
				9074262627BBE314009F9760 /* DatabaseHelper.swift */,
			);
			path = ToDoAppRealm;
			sourceTree = "<group>";
		};
		C46494BFB6ACDCF8A9C33D82 /* Frameworks */ = {
			isa = PBXGroup;
			children = (
				0540774FD17830CA5196B8E0 /* Pods_ToDoAppRealm.framework */,
			);
			name = Frameworks;
			sourceTree = "<group>";
		};
/* End PBXGroup section */

/* Begin PBXNativeTarget section */
		9074260E27BBE254009F9760 /* ToDoAppRealm */ = {
			isa = PBXNativeTarget;
			buildConfigurationList = 9074262327BBE256009F9760 /* Build configuration list for PBXNativeTarget "ToDoAppRealm" */;
			buildPhases = (
				F104FDBA00FEB16D98B0ACBE /* [CP] Check Pods Manifest.lock */,
				9074260B27BBE254009F9760 /* Sources */,
				9074260C27BBE254009F9760 /* Frameworks */,
				9074260D27BBE254009F9760 /* Resources */,
			);
			buildRules = (
			);
			dependencies = (
			);
			name = ToDoAppRealm;
			productName = ToDoAppRealm;
			productReference = 9074260F27BBE254009F9760 /* ToDoAppRealm.app */;
			productType = "com.apple.product-type.application";
		};
/* End PBXNativeTarget section */

/* Begin PBXProject section */
		9074260727BBE254009F9760 /* Project object */ = {
			isa = PBXProject;
			attributes = {
				BuildIndependentTargetsInParallel = 1;
				LastSwiftUpdateCheck = 1300;
				LastUpgradeCheck = 1300;
				TargetAttributes = {
					9074260E27BBE254009F9760 = {
						CreatedOnToolsVersion = 13.0;
					};
				};
			};
			buildConfigurationList = 9074260A27BBE254009F9760 /* Build configuration list for PBXProject "ToDoAppRealm" */;
			compatibilityVersion = "Xcode 13.0";
			developmentRegion = en;
			hasScannedForEncodings = 0;
			knownRegions = (
				en,
				Base,
			);
			mainGroup = 9074260627BBE254009F9760;
			productRefGroup = 9074261027BBE254009F9760 /* Products */;
			projectDirPath = "";
			projectRoot = "";
			targets = (
				9074260E27BBE254009F9760 /* ToDoAppRealm */,
			);
		};
/* End PBXProject section */

/* Begin PBXResourcesBuildPhase section */
		9074260D27BBE254009F9760 /* Resources */ = {
			isa = PBXResourcesBuildPhase;
			buildActionMask = 2147483647;
			files = (
				9074261F27BBE256009F9760 /* LaunchScreen.storyboard in Resources */,
				9074261C27BBE256009F9760 /* Assets.xcassets in Resources */,
				9074261A27BBE254009F9760 /* Main.storyboard in Resources */,
			);
			runOnlyForDeploymentPostprocessing = 0;
		};
/* End PBXResourcesBuildPhase section */

/* Begin PBXShellScriptBuildPhase section */
		F104FDBA00FEB16D98B0ACBE /* [CP] Check Pods Manifest.lock */ = {
			isa = PBXShellScriptBuildPhase;
			buildActionMask = 2147483647;
			files = (
			);
			inputFileListPaths = (
			);
			inputPaths = (
				"${PODS_PODFILE_DIR_PATH}/Podfile.lock",
				"${PODS_ROOT}/Manifest.lock",
			);
			name = "[CP] Check Pods Manifest.lock";
			outputFileListPaths = (
			);
			outputPaths = (
				"$(DERIVED_FILE_DIR)/Pods-ToDoAppRealm-checkManifestLockResult.txt",
			);
			runOnlyForDeploymentPostprocessing = 0;
			shellPath = /bin/sh;
			shellScript = "diff \"${PODS_PODFILE_DIR_PATH}/Podfile.lock\" \"${PODS_ROOT}/Manifest.lock\" > /dev/null\nif [ $? != 0 ] ; then\n    # print error to STDERR\n    echo \"error: The sandbox is not in sync with the Podfile.lock. Run 'pod install' or update your CocoaPods installation.\" >&2\n    exit 1\nfi\n# This output is used by Xcode 'outputs' to avoid re-running this script phase.\necho \"SUCCESS\" > \"${SCRIPT_OUTPUT_FILE_0}\"\n";
			showEnvVarsInLog = 0;
		};
/* End PBXShellScriptBuildPhase section */

/* Begin PBXSourcesBuildPhase section */
		9074260B27BBE254009F9760 /* Sources */ = {
			isa = PBXSourcesBuildPhase;
			buildActionMask = 2147483647;
			files = (
				9074262727BBE314009F9760 /* DatabaseHelper.swift in Sources */,
				9074261727BBE254009F9760 /* ViewController.swift in Sources */,
				9074261327BBE254009F9760 /* AppDelegate.swift in Sources */,
				9074261527BBE254009F9760 /* SceneDelegate.swift in Sources */,
			);
			runOnlyForDeploymentPostprocessing = 0;
		};
/* End PBXSourcesBuildPhase section */

/* Begin PBXVariantGroup section */
		9074261827BBE254009F9760 /* Main.storyboard */ = {
			isa = PBXVariantGroup;
			children = (
				9074261927BBE254009F9760 /* Base */,
			);
			name = Main.storyboard;
			sourceTree = "<group>";
		};
		9074261D27BBE256009F9760 /* LaunchScreen.storyboard */ = {
			isa = PBXVariantGroup;
			children = (
				9074261E27BBE256009F9760 /* Base */,
			);
			name = LaunchScreen.storyboard;
			sourceTree = "<group>";
		};
/* End PBXVariantGroup section */

/* Begin XCBuildConfiguration section */
		9074262127BBE256009F9760 /* Debug */ = {
			isa = XCBuildConfiguration;
			buildSettings = {
				ALWAYS_SEARCH_USER_PATHS = NO;
				CLANG_ANALYZER_NONNULL = YES;
				CLANG_ANALYZER_NUMBER_OBJECT_CONVERSION = YES_AGGRESSIVE;
				CLANG_CXX_LANGUAGE_STANDARD = "gnu++17";
				CLANG_CXX_LIBRARY = "libc++";
				CLANG_ENABLE_MODULES = YES;
				CLANG_ENABLE_OBJC_ARC = YES;
				CLANG_ENABLE_OBJC_WEAK = YES;
				CLANG_WARN_BLOCK_CAPTURE_AUTORELEASING = YES;
				CLANG_WARN_BOOL_CONVERSION = YES;
				CLANG_WARN_COMMA = YES;
				CLANG_WARN_CONSTANT_CONVERSION = YES;
				CLANG_WARN_DEPRECATED_OBJC_IMPLEMENTATIONS = YES;
				CLANG_WARN_DIRECT_OBJC_ISA_USAGE = YES_ERROR;
				CLANG_WARN_DOCUMENTATION_COMMENTS = YES;
				CLANG_WARN_EMPTY_BODY = YES;
				CLANG_WARN_ENUM_CONVERSION = YES;
				CLANG_WARN_INFINITE_RECURSION = YES;
				CLANG_WARN_INT_CONVERSION = YES;
				CLANG_WARN_NON_LITERAL_NULL_CONVERSION = YES;
				CLANG_WARN_OBJC_IMPLICIT_RETAIN_SELF = YES;
				CLANG_WARN_OBJC_LITERAL_CONVERSION = YES;
				CLANG_WARN_OBJC_ROOT_CLASS = YES_ERROR;
				CLANG_WARN_QUOTED_INCLUDE_IN_FRAMEWORK_HEADER = YES;
				CLANG_WARN_RANGE_LOOP_ANALYSIS = YES;
				CLANG_WARN_STRICT_PROTOTYPES = YES;
				CLANG_WARN_SUSPICIOUS_MOVE = YES;
				CLANG_WARN_UNGUARDED_AVAILABILITY = YES_AGGRESSIVE;
				CLANG_WARN_UNREACHABLE_CODE = YES;
				CLANG_WARN__DUPLICATE_METHOD_MATCH = YES;
				COPY_PHASE_STRIP = NO;
				DEBUG_INFORMATION_FORMAT = dwarf;
				ENABLE_STRICT_OBJC_MSGSEND = YES;
				ENABLE_TESTABILITY = YES;
				GCC_C_LANGUAGE_STANDARD = gnu11;
				GCC_DYNAMIC_NO_PIC = NO;
				GCC_NO_COMMON_BLOCKS = YES;
				GCC_OPTIMIZATION_LEVEL = 0;
				GCC_PREPROCESSOR_DEFINITIONS = (
					"DEBUG=1",
					"$(inherited)",
				);
				GCC_WARN_64_TO_32_BIT_CONVERSION = YES;
				GCC_WARN_ABOUT_RETURN_TYPE = YES_ERROR;
				GCC_WARN_UNDECLARED_SELECTOR = YES;
				GCC_WARN_UNINITIALIZED_AUTOS = YES_AGGRESSIVE;
				GCC_WARN_UNUSED_FUNCTION = YES;
				GCC_WARN_UNUSED_VARIABLE = YES;
				IPHONEOS_DEPLOYMENT_TARGET = 15.0;
				MTL_ENABLE_DEBUG_INFO = INCLUDE_SOURCE;
				MTL_FAST_MATH = YES;
				ONLY_ACTIVE_ARCH = YES;
				SDKROOT = iphoneos;
				SWIFT_ACTIVE_COMPILATION_CONDITIONS = DEBUG;
				SWIFT_OPTIMIZATION_LEVEL = "-Onone";
			};
			name = Debug;
		};
		9074262227BBE256009F9760 /* Release */ = {
			isa = XCBuildConfiguration;
			buildSettings = {
				ALWAYS_SEARCH_USER_PATHS = NO;
				CLANG_ANALYZER_NONNULL = YES;
				CLANG_ANALYZER_NUMBER_OBJECT_CONVERSION = YES_AGGRESSIVE;
				CLANG_CXX_LANGUAGE_STANDARD = "gnu++17";
				CLANG_CXX_LIBRARY = "libc++";
				CLANG_ENABLE_MODULES = YES;
				CLANG_ENABLE_OBJC_ARC = YES;
				CLANG_ENABLE_OBJC_WEAK = YES;
				CLANG_WARN_BLOCK_CAPTURE_AUTORELEASING = YES;
				CLANG_WARN_BOOL_CONVERSION = YES;
				CLANG_WARN_COMMA = YES;
				CLANG_WARN_CONSTANT_CONVERSION = YES;
				CLANG_WARN_DEPRECATED_OBJC_IMPLEMENTATIONS = YES;
				CLANG_WARN_DIRECT_OBJC_ISA_USAGE = YES_ERROR;
				CLANG_WARN_DOCUMENTATION_COMMENTS = YES;
				CLANG_WARN_EMPTY_BODY = YES;
				CLANG_WARN_ENUM_CONVERSION = YES;
				CLANG_WARN_INFINITE_RECURSION = YES;
				CLANG_WARN_INT_CONVERSION = YES;
				CLANG_WARN_NON_LITERAL_NULL_CONVERSION = YES;
				CLANG_WARN_OBJC_IMPLICIT_RETAIN_SELF = YES;
				CLANG_WARN_OBJC_LITERAL_CONVERSION = YES;
				CLANG_WARN_OBJC_ROOT_CLASS = YES_ERROR;
				CLANG_WARN_QUOTED_INCLUDE_IN_FRAMEWORK_HEADER = YES;
				CLANG_WARN_RANGE_LOOP_ANALYSIS = YES;
				CLANG_WARN_STRICT_PROTOTYPES = YES;
				CLANG_WARN_SUSPICIOUS_MOVE = YES;
				CLANG_WARN_UNGUARDED_AVAILABILITY = YES_AGGRESSIVE;
				CLANG_WARN_UNREACHABLE_CODE = YES;
				CLANG_WARN__DUPLICATE_METHOD_MATCH = YES;
				COPY_PHASE_STRIP = NO;
				DEBUG_INFORMATION_FORMAT = "dwarf-with-dsym";
				ENABLE_NS_ASSERTIONS = NO;
				ENABLE_STRICT_OBJC_MSGSEND = YES;
				GCC_C_LANGUAGE_STANDARD = gnu11;
				GCC_NO_COMMON_BLOCKS = YES;
				GCC_WARN_64_TO_32_BIT_CONVERSION = YES;
				GCC_WARN_ABOUT_RETURN_TYPE = YES_ERROR;
				GCC_WARN_UNDECLARED_SELECTOR = YES;
				GCC_WARN_UNINITIALIZED_AUTOS = YES_AGGRESSIVE;
				GCC_WARN_UNUSED_FUNCTION = YES;
				GCC_WARN_UNUSED_VARIABLE = YES;
				IPHONEOS_DEPLOYMENT_TARGET = 15.0;
				MTL_ENABLE_DEBUG_INFO = NO;
				MTL_FAST_MATH = YES;
				SDKROOT = iphoneos;
				SWIFT_COMPILATION_MODE = wholemodule;
				SWIFT_OPTIMIZATION_LEVEL = "-O";
				VALIDATE_PRODUCT = YES;
			};
			name = Release;
		};
		9074262427BBE256009F9760 /* Debug */ = {
			isa = XCBuildConfiguration;
			baseConfigurationReference = 475D2148EC1D18418A814906 /* Pods-ToDoAppRealm.debug.xcconfig */;
			buildSettings = {
				ASSETCATALOG_COMPILER_APPICON_NAME = AppIcon;
				ASSETCATALOG_COMPILER_GLOBAL_ACCENT_COLOR_NAME = AccentColor;
				CODE_SIGN_STYLE = Automatic;
				CURRENT_PROJECT_VERSION = 1;
				DEVELOPMENT_TEAM = CF4QM4CNHN;
				GENERATE_INFOPLIST_FILE = YES;
				INFOPLIST_FILE = ToDoAppRealm/Info.plist;
				INFOPLIST_KEY_UIApplicationSupportsIndirectInputEvents = YES;
				INFOPLIST_KEY_UILaunchStoryboardName = LaunchScreen;
				INFOPLIST_KEY_UIMainStoryboardFile = Main;
				INFOPLIST_KEY_UISupportedInterfaceOrientations_iPad = "UIInterfaceOrientationPortrait UIInterfaceOrientationPortraitUpsideDown UIInterfaceOrientationLandscapeLeft UIInterfaceOrientationLandscapeRight";
				INFOPLIST_KEY_UISupportedInterfaceOrientations_iPhone = "UIInterfaceOrientationPortrait UIInterfaceOrientationLandscapeLeft UIInterfaceOrientationLandscapeRight";
				LD_RUNPATH_SEARCH_PATHS = (
					"$(inherited)",
					"@executable_path/Frameworks",
				);
				MARKETING_VERSION = 1.0;
				PRODUCT_BUNDLE_IDENTIFIER = com.yogeshpatel.ToDoAppRealm;
				PRODUCT_NAME = "$(TARGET_NAME)";
				SWIFT_EMIT_LOC_STRINGS = YES;
				SWIFT_VERSION = 5.0;
				TARGETED_DEVICE_FAMILY = "1,2";
			};
			name = Debug;
		};
		9074262527BBE256009F9760 /* Release */ = {
			isa = XCBuildConfiguration;
			baseConfigurationReference = D5EC8ABFE711098B218DA8AC /* Pods-ToDoAppRealm.release.xcconfig */;
			buildSettings = {
				ASSETCATALOG_COMPILER_APPICON_NAME = AppIcon;
				ASSETCATALOG_COMPILER_GLOBAL_ACCENT_COLOR_NAME = AccentColor;
				CODE_SIGN_STYLE = Automatic;
				CURRENT_PROJECT_VERSION = 1;
				DEVELOPMENT_TEAM = CF4QM4CNHN;
				GENERATE_INFOPLIST_FILE = YES;
				INFOPLIST_FILE = ToDoAppRealm/Info.plist;
				INFOPLIST_KEY_UIApplicationSupportsIndirectInputEvents = YES;
				INFOPLIST_KEY_UILaunchStoryboardName = LaunchScreen;
				INFOPLIST_KEY_UIMainStoryboardFile = Main;
				INFOPLIST_KEY_UISupportedInterfaceOrientations_iPad = "UIInterfaceOrientationPortrait UIInterfaceOrientationPortraitUpsideDown UIInterfaceOrientationLandscapeLeft UIInterfaceOrientationLandscapeRight";
				INFOPLIST_KEY_UISupportedInterfaceOrientations_iPhone = "UIInterfaceOrientationPortrait UIInterfaceOrientationLandscapeLeft UIInterfaceOrientationLandscapeRight";
				LD_RUNPATH_SEARCH_PATHS = (
					"$(inherited)",
					"@executable_path/Frameworks",
				);
				MARKETING_VERSION = 1.0;
				PRODUCT_BUNDLE_IDENTIFIER = com.yogeshpatel.ToDoAppRealm;
				PRODUCT_NAME = "$(TARGET_NAME)";
				SWIFT_EMIT_LOC_STRINGS = YES;
				SWIFT_VERSION = 5.0;
				TARGETED_DEVICE_FAMILY = "1,2";
			};
			name = Release;
		};
/* End XCBuildConfiguration section */

/* Begin XCConfigurationList section */
		9074260A27BBE254009F9760 /* Build configuration list for PBXProject "ToDoAppRealm" */ = {
			isa = XCConfigurationList;
			buildConfigurations = (
				9074262127BBE256009F9760 /* Debug */,
				9074262227BBE256009F9760 /* Release */,
			);
			defaultConfigurationIsVisible = 0;
			defaultConfigurationName = Release;
		};
		9074262327BBE256009F9760 /* Build configuration list for PBXNativeTarget "ToDoAppRealm" */ = {
			isa = XCConfigurationList;
			buildConfigurations = (
				9074262427BBE256009F9760 /* Debug */,
				9074262527BBE256009F9760 /* Release */,
			);
			defaultConfigurationIsVisible = 0;
			defaultConfigurationName = Release;
		};
/* End XCConfigurationList section */
	};
	rootObject = 9074260727BBE254009F9760 /* Project object */;
}
